
Microsoft Visual Studio Solution File, Format Version 12.00
# Visual Studio Version 16
VisualStudioVersion = 16.0.28803.156
MinimumVisualStudioVersion = 10.0.40219.1
Project("{FAE04EC0-301F-11D3-BF4B-00C04F79EFBC}") = "Borlay.Queue.Services", "Borlay.Queue.Services\Borlay.Queue.Services.csproj", "{047717F7-46C2-499E-BD92-B835506A8714}"
EndProject
Global
	GlobalSection(SolutionConfigurationPlatforms) = preSolution
		Debug|Any CPU = Debug|Any CPU
		Release|Any CPU = Release|Any CPU
	EndGlobalSection
	GlobalSection(ProjectConfigurationPlatforms) = postSolution
		{047717F7-46C2-499E-BD92-B835506A8714}.Debug|Any CPU.ActiveCfg = Debug|Any CPU
		{047717F7-46C2-499E-BD92-B835506A8714}.Debug|Any CPU.Build.0 = Debug|Any CPU
		{047717F7-46C2-499E-BD92-B835506A8714}.Release|Any CPU.ActiveCfg = Release|Any CPU
		{047717F7-46C2-499E-BD92-B835506A8714}.Release|Any CPU.Build.0 = Release|Any CPU
	EndGlobalSection
	GlobalSection(SolutionProperties) = preSolution
		HideSolutionNode = FALSE
	EndGlobalSection
	GlobalSection(ExtensibilityGlobals) = postSolution
		SolutionGuid = {2CA5C137-93AC-4E9A-9A1F-2BDBCAA15415}
	EndGlobalSection
EndGlobal
